
Microsoft Visual Studio Solution File, Format Version 12.00
# Visual Studio Version 16
VisualStudioVersion = 16.0.29911.84
MinimumVisualStudioVersion = 10.0.40219.1
Project("{9A19103F-16F7-4668-BE54-9A1E7A4F7556}") = "Data", "Data\Data.csproj", "{4A6411EA-6B26-4FD0-9A3C-B57432DC4890}"
EndProject
Project("{9A19103F-16F7-4668-BE54-9A1E7A4F7556}") = "Infra", "Infra\Infra.csproj", "{44747CF8-6661-4A2C-BBFC-A5AF1E581801}"
EndProject
Project("{9A19103F-16F7-4668-BE54-9A1E7A4F7556}") = "TestWork", "TestWork\TestWork.csproj", "{0183953E-C3B3-4FDA-A6E1-48A145BA2324}"
EndProject
Project("{9A19103F-16F7-4668-BE54-9A1E7A4F7556}") = "Aids", "Aids\Aids.csproj", "{8F214581-7126-449F-A8BB-7333ABDC2408}"
EndProject
Project("{FAE04EC0-301F-11D3-BF4B-00C04F79EFBC}") = "Tests", "Tests\Tests.csproj", "{86BC3D2B-2204-4FAD-A90B-F146C7E5DDFB}"
EndProject
Global
	GlobalSection(SolutionConfigurationPlatforms) = preSolution
		Debug|Any CPU = Debug|Any CPU
		Release|Any CPU = Release|Any CPU
	EndGlobalSection
	GlobalSection(ProjectConfigurationPlatforms) = postSolution
		{4A6411EA-6B26-4FD0-9A3C-B57432DC4890}.Debug|Any CPU.ActiveCfg = Debug|Any CPU
		{4A6411EA-6B26-4FD0-9A3C-B57432DC4890}.Debug|Any CPU.Build.0 = Debug|Any CPU
		{4A6411EA-6B26-4FD0-9A3C-B57432DC4890}.Release|Any CPU.ActiveCfg = Release|Any CPU
		{4A6411EA-6B26-4FD0-9A3C-B57432DC4890}.Release|Any CPU.Build.0 = Release|Any CPU
		{44747CF8-6661-4A2C-BBFC-A5AF1E581801}.Debug|Any CPU.ActiveCfg = Debug|Any CPU
		{44747CF8-6661-4A2C-BBFC-A5AF1E581801}.Debug|Any CPU.Build.0 = Debug|Any CPU
		{44747CF8-6661-4A2C-BBFC-A5AF1E581801}.Release|Any CPU.ActiveCfg = Release|Any CPU
		{44747CF8-6661-4A2C-BBFC-A5AF1E581801}.Release|Any CPU.Build.0 = Release|Any CPU
		{0183953E-C3B3-4FDA-A6E1-48A145BA2324}.Debug|Any CPU.ActiveCfg = Debug|Any CPU
		{0183953E-C3B3-4FDA-A6E1-48A145BA2324}.Debug|Any CPU.Build.0 = Debug|Any CPU
		{0183953E-C3B3-4FDA-A6E1-48A145BA2324}.Release|Any CPU.ActiveCfg = Release|Any CPU
		{0183953E-C3B3-4FDA-A6E1-48A145BA2324}.Release|Any CPU.Build.0 = Release|Any CPU
		{8F214581-7126-449F-A8BB-7333ABDC2408}.Debug|Any CPU.ActiveCfg = Debug|Any CPU
		{8F214581-7126-449F-A8BB-7333ABDC2408}.Debug|Any CPU.Build.0 = Debug|Any CPU
		{8F214581-7126-449F-A8BB-7333ABDC2408}.Release|Any CPU.ActiveCfg = Release|Any CPU
		{8F214581-7126-449F-A8BB-7333ABDC2408}.Release|Any CPU.Build.0 = Release|Any CPU
		{86BC3D2B-2204-4FAD-A90B-F146C7E5DDFB}.Debug|Any CPU.ActiveCfg = Debug|Any CPU
		{86BC3D2B-2204-4FAD-A90B-F146C7E5DDFB}.Debug|Any CPU.Build.0 = Debug|Any CPU
		{86BC3D2B-2204-4FAD-A90B-F146C7E5DDFB}.Release|Any CPU.ActiveCfg = Release|Any CPU
		{86BC3D2B-2204-4FAD-A90B-F146C7E5DDFB}.Release|Any CPU.Build.0 = Release|Any CPU
	EndGlobalSection
	GlobalSection(SolutionProperties) = preSolution
		HideSolutionNode = FALSE
	EndGlobalSection
	GlobalSection(ExtensibilityGlobals) = postSolution
		SolutionGuid = {927A7E32-794B-4106-B87B-656E0BC5CD7A}
	EndGlobalSection
EndGlobal
